
Microsoft Visual Studio Solution File, Format Version 12.00
# Visual Studio Version 16
VisualStudioVersion = 16.0.30413.136
MinimumVisualStudioVersion = 10.0.40219.1
Project("{FAE04EC0-301F-11D3-BF4B-00C04F79EFBC}") = "ExamenU6", "ExamenU6\ExamenU6.csproj", "{B653F891-E2D0-4E8E-B37D-3FD1990B0929}"
EndProject
Global
	GlobalSection(SolutionConfigurationPlatforms) = preSolution
		Debug|Any CPU = Debug|Any CPU
		Release|Any CPU = Release|Any CPU
	EndGlobalSection
	GlobalSection(ProjectConfigurationPlatforms) = postSolution
		{B653F891-E2D0-4E8E-B37D-3FD1990B0929}.Debug|Any CPU.ActiveCfg = Debug|Any CPU
		{B653F891-E2D0-4E8E-B37D-3FD1990B0929}.Debug|Any CPU.Build.0 = Debug|Any CPU
		{B653F891-E2D0-4E8E-B37D-3FD1990B0929}.Release|Any CPU.ActiveCfg = Release|Any CPU
		{B653F891-E2D0-4E8E-B37D-3FD1990B0929}.Release|Any CPU.Build.0 = Release|Any CPU
	EndGlobalSection
	GlobalSection(SolutionProperties) = preSolution
		HideSolutionNode = FALSE
	EndGlobalSection
	GlobalSection(ExtensibilityGlobals) = postSolution
		SolutionGuid = {27F32E63-873B-48BA-BE68-73646BB8898D}
	EndGlobalSection
EndGlobal
